
Microsoft Visual Studio Solution File, Format Version 12.00
# Visual Studio 2015
Project("{FAE04EC0-301F-11D3-BF4B-00C04F79EFBC}") = "C3DW.CSharp.Plugins", "C3DW.CSharp.Plugins.csproj", "{91263147-C577-AE06-CA54-064B50DAF671}"
EndProject
Project("{FAE04EC0-301F-11D3-BF4B-00C04F79EFBC}") = "C3DW.CSharp", "C3DW.CSharp.csproj", "{5BD43FDC-4D1F-82B9-BE21-467B412DAF4D}"
EndProject
Project("{FAE04EC0-301F-11D3-BF4B-00C04F79EFBC}") = "C3DW.CSharp.Editor.Plugins", "C3DW.CSharp.Editor.Plugins.csproj", "{E7C9A484-08CB-99B4-01C7-08B07A8EAFC2}"
EndProject
Global
	GlobalSection(SolutionConfigurationPlatforms) = preSolution
		Debug|Any CPU = Debug|Any CPU
		Release|Any CPU = Release|Any CPU
	EndGlobalSection
	GlobalSection(ProjectConfigurationPlatforms) = postSolution
		{91263147-C577-AE06-CA54-064B50DAF671}.Debug|Any CPU.ActiveCfg = Debug|Any CPU
		{91263147-C577-AE06-CA54-064B50DAF671}.Debug|Any CPU.Build.0 = Debug|Any CPU
		{91263147-C577-AE06-CA54-064B50DAF671}.Release|Any CPU.ActiveCfg = Release|Any CPU
		{91263147-C577-AE06-CA54-064B50DAF671}.Release|Any CPU.Build.0 = Release|Any CPU
		{5BD43FDC-4D1F-82B9-BE21-467B412DAF4D}.Debug|Any CPU.ActiveCfg = Debug|Any CPU
		{5BD43FDC-4D1F-82B9-BE21-467B412DAF4D}.Debug|Any CPU.Build.0 = Debug|Any CPU
		{5BD43FDC-4D1F-82B9-BE21-467B412DAF4D}.Release|Any CPU.ActiveCfg = Release|Any CPU
		{5BD43FDC-4D1F-82B9-BE21-467B412DAF4D}.Release|Any CPU.Build.0 = Release|Any CPU
		{E7C9A484-08CB-99B4-01C7-08B07A8EAFC2}.Debug|Any CPU.ActiveCfg = Debug|Any CPU
		{E7C9A484-08CB-99B4-01C7-08B07A8EAFC2}.Debug|Any CPU.Build.0 = Debug|Any CPU
		{E7C9A484-08CB-99B4-01C7-08B07A8EAFC2}.Release|Any CPU.ActiveCfg = Release|Any CPU
		{E7C9A484-08CB-99B4-01C7-08B07A8EAFC2}.Release|Any CPU.Build.0 = Release|Any CPU
	EndGlobalSection
	GlobalSection(SolutionProperties) = preSolution
		HideSolutionNode = FALSE
	EndGlobalSection
EndGlobal
